// !$*UTF8*$!
{
	archiveVersion = 1;
	classes = {
	};
	objectVersion = 46;
	objects = {

/* Begin PBXBuildFile section */
		E1CAE6F91A593BE000784DFD /* GBVersionTracking.m in Sources */ = {isa = PBXBuildFile; fileRef = E1CAE6F81A593BE000784DFD /* GBVersionTracking.m */; };
		E1CAE6FD1A59411F00784DFD /* UICKeyChainStore.m in Sources */ = {isa = PBXBuildFile; fileRef = E1CAE6FC1A59411F00784DFD /* UICKeyChainStore.m */; };
		E42AB95D1A5680240004E1E8 /* main.m in Sources */ = {isa = PBXBuildFile; fileRef = E42AB95C1A5680240004E1E8 /* main.m */; };
		E42AB9601A5680240004E1E8 /* AppDelegate.m in Sources */ = {isa = PBXBuildFile; fileRef = E42AB95F1A5680240004E1E8 /* AppDelegate.m */; };
		E42AB9631A5680240004E1E8 /* FirstViewController.m in Sources */ = {isa = PBXBuildFile; fileRef = E42AB9621A5680240004E1E8 /* FirstViewController.m */; };
		E42AB9661A5680240004E1E8 /* SecondViewController.m in Sources */ = {isa = PBXBuildFile; fileRef = E42AB9651A5680240004E1E8 /* SecondViewController.m */; };
		E42AB9691A5680240004E1E8 /* Main.storyboard in Resources */ = {isa = PBXBuildFile; fileRef = E42AB9671A5680240004E1E8 /* Main.storyboard */; };
		E42AB96B1A5680240004E1E8 /* Images.xcassets in Resources */ = {isa = PBXBuildFile; fileRef = E42AB96A1A5680240004E1E8 /* Images.xcassets */; };
		E42AB96E1A5680240004E1E8 /* LaunchScreen.xib in Resources */ = {isa = PBXBuildFile; fileRef = E42AB96C1A5680240004E1E8 /* LaunchScreen.xib */; };
		E42AB97A1A5680240004E1E8 /* AutolayoutDemoTests.m in Sources */ = {isa = PBXBuildFile; fileRef = E42AB9791A5680240004E1E8 /* AutolayoutDemoTests.m */; };
		E42AB9B11A5684D50004E1E8 /* UIAlertView+WTRequestCenter.m in Sources */ = {isa = PBXBuildFile; fileRef = E42AB98E1A5684D50004E1E8 /* UIAlertView+WTRequestCenter.m */; };
		E42AB9B21A5684D50004E1E8 /* UIApplication+WTRequestCenter.m in Sources */ = {isa = PBXBuildFile; fileRef = E42AB9901A5684D50004E1E8 /* UIApplication+WTRequestCenter.m */; };
		E42AB9B31A5684D50004E1E8 /* UIButton+WTRequestCenter.m in Sources */ = {isa = PBXBuildFile; fileRef = E42AB9921A5684D50004E1E8 /* UIButton+WTRequestCenter.m */; };
		E42AB9B41A5684D50004E1E8 /* UIColor+WTRequestCenter.m in Sources */ = {isa = PBXBuildFile; fileRef = E42AB9941A5684D50004E1E8 /* UIColor+WTRequestCenter.m */; };
		E42AB9B51A5684D50004E1E8 /* UIDevice+WTRequestCenter.m in Sources */ = {isa = PBXBuildFile; fileRef = E42AB9961A5684D50004E1E8 /* UIDevice+WTRequestCenter.m */; };
		E42AB9B61A5684D50004E1E8 /* UIImage+WTRequestCenter.m in Sources */ = {isa = PBXBuildFile; fileRef = E42AB9981A5684D50004E1E8 /* UIImage+WTRequestCenter.m */; };
		E42AB9B71A5684D50004E1E8 /* UIImageView+WTRequestCenter.m in Sources */ = {isa = PBXBuildFile; fileRef = E42AB99A1A5684D50004E1E8 /* UIImageView+WTRequestCenter.m */; };
		E42AB9B81A5684D50004E1E8 /* UIScreen+WTRequestCenter.m in Sources */ = {isa = PBXBuildFile; fileRef = E42AB99D1A5684D50004E1E8 /* UIScreen+WTRequestCenter.m */; };
		E42AB9B91A5684D50004E1E8 /* UIWebView+WTRequestCenter.m in Sources */ = {isa = PBXBuildFile; fileRef = E42AB99F1A5684D50004E1E8 /* UIWebView+WTRequestCenter.m */; };
		E42AB9BA1A5684D50004E1E8 /* WTDataSaver.m in Sources */ = {isa = PBXBuildFile; fileRef = E42AB9A11A5684D50004E1E8 /* WTDataSaver.m */; };
		E42AB9BB1A5684D50004E1E8 /* WTImageViewer.m in Sources */ = {isa = PBXBuildFile; fileRef = E42AB9A31A5684D50004E1E8 /* WTImageViewer.m */; };
		E42AB9BC1A5684D50004E1E8 /* WTNetworkActivityIndicatorManager.m in Sources */ = {isa = PBXBuildFile; fileRef = E42AB9A51A5684D50004E1E8 /* WTNetworkActivityIndicatorManager.m */; };
		E42AB9BD1A5684D50004E1E8 /* WTRequestCenter.m in Sources */ = {isa = PBXBuildFile; fileRef = E42AB9AA1A5684D50004E1E8 /* WTRequestCenter.m */; };
		E42AB9BE1A5684D50004E1E8 /* WTURLRequestOperation.m in Sources */ = {isa = PBXBuildFile; fileRef = E42AB9AC1A5684D50004E1E8 /* WTURLRequestOperation.m */; };
		E42AB9BF1A5684D50004E1E8 /* WTURLRequestSerialization.m in Sources */ = {isa = PBXBuildFile; fileRef = E42AB9AE1A5684D50004E1E8 /* WTURLRequestSerialization.m */; };
		E42AB9C01A5684D50004E1E8 /* WTURLSessionManager.m in Sources */ = {isa = PBXBuildFile; fileRef = E42AB9B01A5684D50004E1E8 /* WTURLSessionManager.m */; };
		E4D3F11D1A597C2300B3A0A1 /* DS-DIGI.TTF in Resources */ = {isa = PBXBuildFile; fileRef = E4D3F1191A597C2300B3A0A1 /* DS-DIGI.TTF */; };
		E4D3F11E1A597C2300B3A0A1 /* DS-DIGIB.TTF in Resources */ = {isa = PBXBuildFile; fileRef = E4D3F11A1A597C2300B3A0A1 /* DS-DIGIB.TTF */; };
		E4D3F11F1A597C2300B3A0A1 /* lijinheiW8.TTF in Resources */ = {isa = PBXBuildFile; fileRef = E4D3F11B1A597C2300B3A0A1 /* lijinheiW8.TTF */; };
		E4D3F1201A597C2300B3A0A1 /* StencilStd.ttf in Resources */ = {isa = PBXBuildFile; fileRef = E4D3F11C1A597C2300B3A0A1 /* StencilStd.ttf */; };
		E4D3F12F1A597CA600B3A0A1 /* DBPictureVC.m in Sources */ = {isa = PBXBuildFile; fileRef = E4D3F1231A597CA600B3A0A1 /* DBPictureVC.m */; };
		E4D3F1311A597CA600B3A0A1 /* NewsDetailViewController.m in Sources */ = {isa = PBXBuildFile; fileRef = E4D3F1271A597CA600B3A0A1 /* NewsDetailViewController.m */; };
		E4D3F1321A597CA600B3A0A1 /* NewsTableView.m in Sources */ = {isa = PBXBuildFile; fileRef = E4D3F1291A597CA600B3A0A1 /* NewsTableView.m */; };
		E4D3F1331A597CA600B3A0A1 /* NewsTableViewCell.m in Sources */ = {isa = PBXBuildFile; fileRef = E4D3F12B1A597CA600B3A0A1 /* NewsTableViewCell.m */; };
		E4D3F1341A597CA600B3A0A1 /* NewsTableViewCell.xib in Resources */ = {isa = PBXBuildFile; fileRef = E4D3F12C1A597CA600B3A0A1 /* NewsTableViewCell.xib */; };
		E4D3F1351A597CA600B3A0A1 /* NewsTitleCell.m in Sources */ = {isa = PBXBuildFile; fileRef = E4D3F12E1A597CA600B3A0A1 /* NewsTitleCell.m */; };
		E4D3F1381A597CB200B3A0A1 /* NewsCenter.m in Sources */ = {isa = PBXBuildFile; fileRef = E4D3F1371A597CB200B3A0A1 /* NewsCenter.m */; };
		E4D3F13B1A597DF700B3A0A1 /* topic_news.json in Resources */ = {isa = PBXBuildFile; fileRef = E4D3F13A1A597DF700B3A0A1 /* topic_news.json */; };
/* End PBXBuildFile section */

/* Begin PBXContainerItemProxy section */
		E42AB9741A5680240004E1E8 /* PBXContainerItemProxy */ = {
			isa = PBXContainerItemProxy;
			containerPortal = E42AB94F1A5680240004E1E8 /* Project object */;
			proxyType = 1;
			remoteGlobalIDString = E42AB9561A5680240004E1E8;
			remoteInfo = AutolayoutDemo;
		};
/* End PBXContainerItemProxy section */

/* Begin PBXFileReference section */
		E1CAE6F71A593BE000784DFD /* GBVersionTracking.h */ = {isa = PBXFileReference; fileEncoding = 4; lastKnownFileType = sourcecode.c.h; path = GBVersionTracking.h; sourceTree = "<group>"; };
		E1CAE6F81A593BE000784DFD /* GBVersionTracking.m */ = {isa = PBXFileReference; fileEncoding = 4; lastKnownFileType = sourcecode.c.objc; path = GBVersionTracking.m; sourceTree = "<group>"; };
		E1CAE6FB1A59411F00784DFD /* UICKeyChainStore.h */ = {isa = PBXFileReference; fileEncoding = 4; lastKnownFileType = sourcecode.c.h; path = UICKeyChainStore.h; sourceTree = "<group>"; };
		E1CAE6FC1A59411F00784DFD /* UICKeyChainStore.m */ = {isa = PBXFileReference; fileEncoding = 4; lastKnownFileType = sourcecode.c.objc; path = UICKeyChainStore.m; sourceTree = "<group>"; };
		E42AB9571A5680240004E1E8 /* AutolayoutDemo.app */ = {isa = PBXFileReference; explicitFileType = wrapper.application; includeInIndex = 0; path = AutolayoutDemo.app; sourceTree = BUILT_PRODUCTS_DIR; };
		E42AB95B1A5680240004E1E8 /* Info.plist */ = {isa = PBXFileReference; lastKnownFileType = text.plist.xml; path = Info.plist; sourceTree = "<group>"; };
		E42AB95C1A5680240004E1E8 /* main.m */ = {isa = PBXFileReference; lastKnownFileType = sourcecode.c.objc; path = main.m; sourceTree = "<group>"; };
		E42AB95E1A5680240004E1E8 /* AppDelegate.h */ = {isa = PBXFileReference; lastKnownFileType = sourcecode.c.h; path = AppDelegate.h; sourceTree = "<group>"; };
		E42AB95F1A5680240004E1E8 /* AppDelegate.m */ = {isa = PBXFileReference; lastKnownFileType = sourcecode.c.objc; path = AppDelegate.m; sourceTree = "<group>"; };
		E42AB9611A5680240004E1E8 /* FirstViewController.h */ = {isa = PBXFileReference; lastKnownFileType = sourcecode.c.h; path = FirstViewController.h; sourceTree = "<group>"; };
		E42AB9621A5680240004E1E8 /* FirstViewController.m */ = {isa = PBXFileReference; lastKnownFileType = sourcecode.c.objc; path = FirstViewController.m; sourceTree = "<group>"; };
		E42AB9641A5680240004E1E8 /* SecondViewController.h */ = {isa = PBXFileReference; lastKnownFileType = sourcecode.c.h; path = SecondViewController.h; sourceTree = "<group>"; };
		E42AB9651A5680240004E1E8 /* SecondViewController.m */ = {isa = PBXFileReference; lastKnownFileType = sourcecode.c.objc; path = SecondViewController.m; sourceTree = "<group>"; };
		E42AB9681A5680240004E1E8 /* Base */ = {isa = PBXFileReference; lastKnownFileType = file.storyboard; name = Base; path = Base.lproj/Main.storyboard; sourceTree = "<group>"; };
		E42AB96A1A5680240004E1E8 /* Images.xcassets */ = {isa = PBXFileReference; lastKnownFileType = folder.assetcatalog; path = Images.xcassets; sourceTree = "<group>"; };
		E42AB96D1A5680240004E1E8 /* Base */ = {isa = PBXFileReference; lastKnownFileType = file.xib; name = Base; path = Base.lproj/LaunchScreen.xib; sourceTree = "<group>"; };
		E42AB9731A5680240004E1E8 /* AutolayoutDemoTests.xctest */ = {isa = PBXFileReference; explicitFileType = wrapper.cfbundle; includeInIndex = 0; path = AutolayoutDemoTests.xctest; sourceTree = BUILT_PRODUCTS_DIR; };
		E42AB9781A5680240004E1E8 /* Info.plist */ = {isa = PBXFileReference; lastKnownFileType = text.plist.xml; path = Info.plist; sourceTree = "<group>"; };
		E42AB9791A5680240004E1E8 /* AutolayoutDemoTests.m */ = {isa = PBXFileReference; lastKnownFileType = sourcecode.c.objc; path = AutolayoutDemoTests.m; sourceTree = "<group>"; };
		E42AB98D1A5684D50004E1E8 /* UIAlertView+WTRequestCenter.h */ = {isa = PBXFileReference; fileEncoding = 4; lastKnownFileType = sourcecode.c.h; path = "UIAlertView+WTRequestCenter.h"; sourceTree = "<group>"; };
		E42AB98E1A5684D50004E1E8 /* UIAlertView+WTRequestCenter.m */ = {isa = PBXFileReference; fileEncoding = 4; lastKnownFileType = sourcecode.c.objc; path = "UIAlertView+WTRequestCenter.m"; sourceTree = "<group>"; };
		E42AB98F1A5684D50004E1E8 /* UIApplication+WTRequestCenter.h */ = {isa = PBXFileReference; fileEncoding = 4; lastKnownFileType = sourcecode.c.h; path = "UIApplication+WTRequestCenter.h"; sourceTree = "<group>"; };
		E42AB9901A5684D50004E1E8 /* UIApplication+WTRequestCenter.m */ = {isa = PBXFileReference; fileEncoding = 4; lastKnownFileType = sourcecode.c.objc; path = "UIApplication+WTRequestCenter.m"; sourceTree = "<group>"; };
		E42AB9911A5684D50004E1E8 /* UIButton+WTRequestCenter.h */ = {isa = PBXFileReference; fileEncoding = 4; lastKnownFileType = sourcecode.c.h; path = "UIButton+WTRequestCenter.h"; sourceTree = "<group>"; };
		E42AB9921A5684D50004E1E8 /* UIButton+WTRequestCenter.m */ = {isa = PBXFileReference; fileEncoding = 4; lastKnownFileType = sourcecode.c.objc; path = "UIButton+WTRequestCenter.m"; sourceTree = "<group>"; };
		E42AB9931A5684D50004E1E8 /* UIColor+WTRequestCenter.h */ = {isa = PBXFileReference; fileEncoding = 4; lastKnownFileType = sourcecode.c.h; path = "UIColor+WTRequestCenter.h"; sourceTree = "<group>"; };
		E42AB9941A5684D50004E1E8 /* UIColor+WTRequestCenter.m */ = {isa = PBXFileReference; fileEncoding = 4; lastKnownFileType = sourcecode.c.objc; path = "UIColor+WTRequestCenter.m"; sourceTree = "<group>"; };
		E42AB9951A5684D50004E1E8 /* UIDevice+WTRequestCenter.h */ = {isa = PBXFileReference; fileEncoding = 4; lastKnownFileType = sourcecode.c.h; path = "UIDevice+WTRequestCenter.h"; sourceTree = "<group>"; };
		E42AB9961A5684D50004E1E8 /* UIDevice+WTRequestCenter.m */ = {isa = PBXFileReference; fileEncoding = 4; lastKnownFileType = sourcecode.c.objc; path = "UIDevice+WTRequestCenter.m"; sourceTree = "<group>"; };
		E42AB9971A5684D50004E1E8 /* UIImage+WTRequestCenter.h */ = {isa = PBXFileReference; fileEncoding = 4; lastKnownFileType = sourcecode.c.h; path = "UIImage+WTRequestCenter.h"; sourceTree = "<group>"; };
		E42AB9981A5684D50004E1E8 /* UIImage+WTRequestCenter.m */ = {isa = PBXFileReference; fileEncoding = 4; lastKnownFileType = sourcecode.c.objc; path = "UIImage+WTRequestCenter.m"; sourceTree = "<group>"; };
		E42AB9991A5684D50004E1E8 /* UIImageView+WTRequestCenter.h */ = {isa = PBXFileReference; fileEncoding = 4; lastKnownFileType = sourcecode.c.h; path = "UIImageView+WTRequestCenter.h"; sourceTree = "<group>"; };
		E42AB99A1A5684D50004E1E8 /* UIImageView+WTRequestCenter.m */ = {isa = PBXFileReference; fileEncoding = 4; lastKnownFileType = sourcecode.c.objc; path = "UIImageView+WTRequestCenter.m"; sourceTree = "<group>"; };
		E42AB99B1A5684D50004E1E8 /* UIKit+WTRequestCenter.h */ = {isa = PBXFileReference; fileEncoding = 4; lastKnownFileType = sourcecode.c.h; path = "UIKit+WTRequestCenter.h"; sourceTree = "<group>"; };
		E42AB99C1A5684D50004E1E8 /* UIScreen+WTRequestCenter.h */ = {isa = PBXFileReference; fileEncoding = 4; lastKnownFileType = sourcecode.c.h; path = "UIScreen+WTRequestCenter.h"; sourceTree = "<group>"; };
		E42AB99D1A5684D50004E1E8 /* UIScreen+WTRequestCenter.m */ = {isa = PBXFileReference; fileEncoding = 4; lastKnownFileType = sourcecode.c.objc; path = "UIScreen+WTRequestCenter.m"; sourceTree = "<group>"; };
		E42AB99E1A5684D50004E1E8 /* UIWebView+WTRequestCenter.h */ = {isa = PBXFileReference; fileEncoding = 4; lastKnownFileType = sourcecode.c.h; path = "UIWebView+WTRequestCenter.h"; sourceTree = "<group>"; };
		E42AB99F1A5684D50004E1E8 /* UIWebView+WTRequestCenter.m */ = {isa = PBXFileReference; fileEncoding = 4; lastKnownFileType = sourcecode.c.objc; path = "UIWebView+WTRequestCenter.m"; sourceTree = "<group>"; };
		E42AB9A01A5684D50004E1E8 /* WTDataSaver.h */ = {isa = PBXFileReference; fileEncoding = 4; lastKnownFileType = sourcecode.c.h; path = WTDataSaver.h; sourceTree = "<group>"; };
		E42AB9A11A5684D50004E1E8 /* WTDataSaver.m */ = {isa = PBXFileReference; fileEncoding = 4; lastKnownFileType = sourcecode.c.objc; path = WTDataSaver.m; sourceTree = "<group>"; };
		E42AB9A21A5684D50004E1E8 /* WTImageViewer.h */ = {isa = PBXFileReference; fileEncoding = 4; lastKnownFileType = sourcecode.c.h; path = WTImageViewer.h; sourceTree = "<group>"; };
		E42AB9A31A5684D50004E1E8 /* WTImageViewer.m */ = {isa = PBXFileReference; fileEncoding = 4; lastKnownFileType = sourcecode.c.objc; path = WTImageViewer.m; sourceTree = "<group>"; };
		E42AB9A41A5684D50004E1E8 /* WTNetworkActivityIndicatorManager.h */ = {isa = PBXFileReference; fileEncoding = 4; lastKnownFileType = sourcecode.c.h; path = WTNetworkActivityIndicatorManager.h; sourceTree = "<group>"; };
		E42AB9A51A5684D50004E1E8 /* WTNetworkActivityIndicatorManager.m */ = {isa = PBXFileReference; fileEncoding = 4; lastKnownFileType = sourcecode.c.objc; path = WTNetworkActivityIndicatorManager.m; sourceTree = "<group>"; };
		E42AB9A61A5684D50004E1E8 /* WTRequestCenterMacro.h */ = {isa = PBXFileReference; fileEncoding = 4; lastKnownFileType = sourcecode.c.h; path = WTRequestCenterMacro.h; sourceTree = "<group>"; };
		E42AB9A81A5684D50004E1E8 /* WTNetWork.h */ = {isa = PBXFileReference; fileEncoding = 4; lastKnownFileType = sourcecode.c.h; path = WTNetWork.h; sourceTree = "<group>"; };
		E42AB9A91A5684D50004E1E8 /* WTRequestCenter.h */ = {isa = PBXFileReference; fileEncoding = 4; lastKnownFileType = sourcecode.c.h; path = WTRequestCenter.h; sourceTree = "<group>"; };
		E42AB9AA1A5684D50004E1E8 /* WTRequestCenter.m */ = {isa = PBXFileReference; fileEncoding = 4; lastKnownFileType = sourcecode.c.objc; path = WTRequestCenter.m; sourceTree = "<group>"; };
		E42AB9AB1A5684D50004E1E8 /* WTURLRequestOperation.h */ = {isa = PBXFileReference; fileEncoding = 4; lastKnownFileType = sourcecode.c.h; path = WTURLRequestOperation.h; sourceTree = "<group>"; };
		E42AB9AC1A5684D50004E1E8 /* WTURLRequestOperation.m */ = {isa = PBXFileReference; fileEncoding = 4; lastKnownFileType = sourcecode.c.objc; path = WTURLRequestOperation.m; sourceTree = "<group>"; };
		E42AB9AD1A5684D50004E1E8 /* WTURLRequestSerialization.h */ = {isa = PBXFileReference; fileEncoding = 4; lastKnownFileType = sourcecode.c.h; path = WTURLRequestSerialization.h; sourceTree = "<group>"; };
		E42AB9AE1A5684D50004E1E8 /* WTURLRequestSerialization.m */ = {isa = PBXFileReference; fileEncoding = 4; lastKnownFileType = sourcecode.c.objc; path = WTURLRequestSerialization.m; sourceTree = "<group>"; };
		E42AB9AF1A5684D50004E1E8 /* WTURLSessionManager.h */ = {isa = PBXFileReference; fileEncoding = 4; lastKnownFileType = sourcecode.c.h; path = WTURLSessionManager.h; sourceTree = "<group>"; };
		E42AB9B01A5684D50004E1E8 /* WTURLSessionManager.m */ = {isa = PBXFileReference; fileEncoding = 4; lastKnownFileType = sourcecode.c.objc; path = WTURLSessionManager.m; sourceTree = "<group>"; };
		E4D3F1191A597C2300B3A0A1 /* DS-DIGI.TTF */ = {isa = PBXFileReference; lastKnownFileType = file; path = "DS-DIGI.TTF"; sourceTree = "<group>"; };
		E4D3F11A1A597C2300B3A0A1 /* DS-DIGIB.TTF */ = {isa = PBXFileReference; lastKnownFileType = file; path = "DS-DIGIB.TTF"; sourceTree = "<group>"; };
		E4D3F11B1A597C2300B3A0A1 /* lijinheiW8.TTF */ = {isa = PBXFileReference; lastKnownFileType = file; path = lijinheiW8.TTF; sourceTree = "<group>"; };
		E4D3F11C1A597C2300B3A0A1 /* StencilStd.ttf */ = {isa = PBXFileReference; lastKnownFileType = file; path = StencilStd.ttf; sourceTree = "<group>"; };
		E4D3F1221A597CA600B3A0A1 /* DBPictureVC.h */ = {isa = PBXFileReference; fileEncoding = 4; lastKnownFileType = sourcecode.c.h; path = DBPictureVC.h; sourceTree = "<group>"; };
		E4D3F1231A597CA600B3A0A1 /* DBPictureVC.m */ = {isa = PBXFileReference; fileEncoding = 4; lastKnownFileType = sourcecode.c.objc; path = DBPictureVC.m; sourceTree = "<group>"; };
		E4D3F1261A597CA600B3A0A1 /* NewsDetailViewController.h */ = {isa = PBXFileReference; fileEncoding = 4; lastKnownFileType = sourcecode.c.h; path = NewsDetailViewController.h; sourceTree = "<group>"; };
		E4D3F1271A597CA600B3A0A1 /* NewsDetailViewController.m */ = {isa = PBXFileReference; fileEncoding = 4; lastKnownFileType = sourcecode.c.objc; path = NewsDetailViewController.m; sourceTree = "<group>"; };
		E4D3F1281A597CA600B3A0A1 /* NewsTableView.h */ = {isa = PBXFileReference; fileEncoding = 4; lastKnownFileType = sourcecode.c.h; path = NewsTableView.h; sourceTree = "<group>"; };
		E4D3F1291A597CA600B3A0A1 /* NewsTableView.m */ = {isa = PBXFileReference; fileEncoding = 4; lastKnownFileType = sourcecode.c.objc; path = NewsTableView.m; sourceTree = "<group>"; };
		E4D3F12A1A597CA600B3A0A1 /* NewsTableViewCell.h */ = {isa = PBXFileReference; fileEncoding = 4; lastKnownFileType = sourcecode.c.h; path = NewsTableViewCell.h; sourceTree = "<group>"; };
		E4D3F12B1A597CA600B3A0A1 /* NewsTableViewCell.m */ = {isa = PBXFileReference; fileEncoding = 4; lastKnownFileType = sourcecode.c.objc; path = NewsTableViewCell.m; sourceTree = "<group>"; };
		E4D3F12C1A597CA600B3A0A1 /* NewsTableViewCell.xib */ = {isa = PBXFileReference; fileEncoding = 4; lastKnownFileType = file.xib; path = NewsTableViewCell.xib; sourceTree = "<group>"; };
		E4D3F12D1A597CA600B3A0A1 /* NewsTitleCell.h */ = {isa = PBXFileReference; fileEncoding = 4; lastKnownFileType = sourcecode.c.h; path = NewsTitleCell.h; sourceTree = "<group>"; };
		E4D3F12E1A597CA600B3A0A1 /* NewsTitleCell.m */ = {isa = PBXFileReference; fileEncoding = 4; lastKnownFileType = sourcecode.c.objc; path = NewsTitleCell.m; sourceTree = "<group>"; };
		E4D3F1361A597CB200B3A0A1 /* NewsCenter.h */ = {isa = PBXFileReference; fileEncoding = 4; lastKnownFileType = sourcecode.c.h; name = NewsCenter.h; path = Model/NewsCenter.h; sourceTree = "<group>"; };
		E4D3F1371A597CB200B3A0A1 /* NewsCenter.m */ = {isa = PBXFileReference; fileEncoding = 4; lastKnownFileType = sourcecode.c.objc; name = NewsCenter.m; path = Model/NewsCenter.m; sourceTree = "<group>"; };
		E4D3F13A1A597DF700B3A0A1 /* topic_news.json */ = {isa = PBXFileReference; fileEncoding = 4; lastKnownFileType = text.json; path = topic_news.json; sourceTree = "<group>"; };
/* End PBXFileReference section */

/* Begin PBXFrameworksBuildPhase section */
		E42AB9541A5680240004E1E8 /* Frameworks */ = {
			isa = PBXFrameworksBuildPhase;
			buildActionMask = 2147483647;
			files = (
			);
			runOnlyForDeploymentPostprocessing = 0;
		};
		E42AB9701A5680240004E1E8 /* Frameworks */ = {
			isa = PBXFrameworksBuildPhase;
			buildActionMask = 2147483647;
			files = (
			);
			runOnlyForDeploymentPostprocessing = 0;
		};
/* End PBXFrameworksBuildPhase section */

/* Begin PBXGroup section */
		1E4A42491A5BAB2C001577F5 /* NewsList */ = {
			isa = PBXGroup;
			children = (
				E4D3F1281A597CA600B3A0A1 /* NewsTableView.h */,
				E4D3F1291A597CA600B3A0A1 /* NewsTableView.m */,
				E4D3F12A1A597CA600B3A0A1 /* NewsTableViewCell.h */,
				E4D3F12B1A597CA600B3A0A1 /* NewsTableViewCell.m */,
				E4D3F12C1A597CA600B3A0A1 /* NewsTableViewCell.xib */,
				E4D3F12D1A597CA600B3A0A1 /* NewsTitleCell.h */,
				E4D3F12E1A597CA600B3A0A1 /* NewsTitleCell.m */,
			);
			name = NewsList;
			sourceTree = "<group>";
		};
		1E4A424A1A5BAC12001577F5 /* NewsDetail */ = {
			isa = PBXGroup;
			children = (
				E4D3F1261A597CA600B3A0A1 /* NewsDetailViewController.h */,
				E4D3F1271A597CA600B3A0A1 /* NewsDetailViewController.m */,
			);
			name = NewsDetail;
			sourceTree = "<group>";
		};
		E1CAE6F61A593BE000784DFD /* GBVersionTracking */ = {
			isa = PBXGroup;
			children = (
				E1CAE6F71A593BE000784DFD /* GBVersionTracking.h */,
				E1CAE6F81A593BE000784DFD /* GBVersionTracking.m */,
			);
			path = GBVersionTracking;
			sourceTree = "<group>";
		};
		E1CAE6FA1A59411F00784DFD /* UICKeyChainStore */ = {
			isa = PBXGroup;
			children = (
				E1CAE6FB1A59411F00784DFD /* UICKeyChainStore.h */,
				E1CAE6FC1A59411F00784DFD /* UICKeyChainStore.m */,
			);
			path = UICKeyChainStore;
			sourceTree = "<group>";
		};
		E42AB94E1A5680240004E1E8 = {
			isa = PBXGroup;
			children = (
				E42AB9591A5680240004E1E8 /* AutolayoutDemo */,
				E42AB9761A5680240004E1E8 /* AutolayoutDemoTests */,
				E42AB9581A5680240004E1E8 /* Products */,
			);
			sourceTree = "<group>";
		};
		E42AB9581A5680240004E1E8 /* Products */ = {
			isa = PBXGroup;
			children = (
				E42AB9571A5680240004E1E8 /* AutolayoutDemo.app */,
				E42AB9731A5680240004E1E8 /* AutolayoutDemoTests.xctest */,
			);
			name = Products;
			sourceTree = "<group>";
		};
		E42AB9591A5680240004E1E8 /* AutolayoutDemo */ = {
			isa = PBXGroup;
			children = (
				E4D3F1211A597C6A00B3A0A1 /* View and ViewControllers */,
				E4D3F1171A597C0400B3A0A1 /* Resource */,
				E42AB9C91A5695840004E1E8 /* Model */,
				E42AB98B1A5684BD0004E1E8 /* Library */,
				E42AB95E1A5680240004E1E8 /* AppDelegate.h */,
				E42AB95F1A5680240004E1E8 /* AppDelegate.m */,
				E42AB9611A5680240004E1E8 /* FirstViewController.h */,
				E42AB9621A5680240004E1E8 /* FirstViewController.m */,
				E42AB9641A5680240004E1E8 /* SecondViewController.h */,
				E42AB9651A5680240004E1E8 /* SecondViewController.m */,
				E42AB9671A5680240004E1E8 /* Main.storyboard */,
				E42AB96A1A5680240004E1E8 /* Images.xcassets */,
				E42AB96C1A5680240004E1E8 /* LaunchScreen.xib */,
				E42AB95A1A5680240004E1E8 /* Supporting Files */,
			);
			path = AutolayoutDemo;
			sourceTree = "<group>";
		};
		E42AB95A1A5680240004E1E8 /* Supporting Files */ = {
			isa = PBXGroup;
			children = (
				E42AB95B1A5680240004E1E8 /* Info.plist */,
				E42AB95C1A5680240004E1E8 /* main.m */,
			);
			name = "Supporting Files";
			sourceTree = "<group>";
		};
		E42AB9761A5680240004E1E8 /* AutolayoutDemoTests */ = {
			isa = PBXGroup;
			children = (
				E42AB9791A5680240004E1E8 /* AutolayoutDemoTests.m */,
				E42AB9771A5680240004E1E8 /* Supporting Files */,
			);
			path = AutolayoutDemoTests;
			sourceTree = "<group>";
		};
		E42AB9771A5680240004E1E8 /* Supporting Files */ = {
			isa = PBXGroup;
			children = (
				E42AB9781A5680240004E1E8 /* Info.plist */,
			);
			name = "Supporting Files";
			sourceTree = "<group>";
		};
		E42AB98B1A5684BD0004E1E8 /* Library */ = {
			isa = PBXGroup;
			children = (
				E1CAE6FA1A59411F00784DFD /* UICKeyChainStore */,
				E42AB9A71A5684D50004E1E8 /* WTRequestCenter */,
				E42AB98C1A5684D50004E1E8 /* UIKit+WTRequestCenter */,
				E1CAE6F61A593BE000784DFD /* GBVersionTracking */,
			);
			path = Library;
			sourceTree = "<group>";
		};
		E42AB98C1A5684D50004E1E8 /* UIKit+WTRequestCenter */ = {
			isa = PBXGroup;
			children = (
				E42AB98D1A5684D50004E1E8 /* UIAlertView+WTRequestCenter.h */,
				E42AB98E1A5684D50004E1E8 /* UIAlertView+WTRequestCenter.m */,
				E42AB98F1A5684D50004E1E8 /* UIApplication+WTRequestCenter.h */,
				E42AB9901A5684D50004E1E8 /* UIApplication+WTRequestCenter.m */,
				E42AB9911A5684D50004E1E8 /* UIButton+WTRequestCenter.h */,
				E42AB9921A5684D50004E1E8 /* UIButton+WTRequestCenter.m */,
				E42AB9931A5684D50004E1E8 /* UIColor+WTRequestCenter.h */,
				E42AB9941A5684D50004E1E8 /* UIColor+WTRequestCenter.m */,
				E42AB9951A5684D50004E1E8 /* UIDevice+WTRequestCenter.h */,
				E42AB9961A5684D50004E1E8 /* UIDevice+WTRequestCenter.m */,
				E42AB9971A5684D50004E1E8 /* UIImage+WTRequestCenter.h */,
				E42AB9981A5684D50004E1E8 /* UIImage+WTRequestCenter.m */,
				E42AB9991A5684D50004E1E8 /* UIImageView+WTRequestCenter.h */,
				E42AB99A1A5684D50004E1E8 /* UIImageView+WTRequestCenter.m */,
				E42AB99B1A5684D50004E1E8 /* UIKit+WTRequestCenter.h */,
				E42AB99C1A5684D50004E1E8 /* UIScreen+WTRequestCenter.h */,
				E42AB99D1A5684D50004E1E8 /* UIScreen+WTRequestCenter.m */,
				E42AB99E1A5684D50004E1E8 /* UIWebView+WTRequestCenter.h */,
				E42AB99F1A5684D50004E1E8 /* UIWebView+WTRequestCenter.m */,
				E42AB9A01A5684D50004E1E8 /* WTDataSaver.h */,
				E42AB9A11A5684D50004E1E8 /* WTDataSaver.m */,
				E42AB9A21A5684D50004E1E8 /* WTImageViewer.h */,
				E42AB9A31A5684D50004E1E8 /* WTImageViewer.m */,
				E42AB9A41A5684D50004E1E8 /* WTNetworkActivityIndicatorManager.h */,
				E42AB9A51A5684D50004E1E8 /* WTNetworkActivityIndicatorManager.m */,
				E42AB9A61A5684D50004E1E8 /* WTRequestCenterMacro.h */,
			);
			path = "UIKit+WTRequestCenter";
			sourceTree = "<group>";
		};
		E42AB9A71A5684D50004E1E8 /* WTRequestCenter */ = {
			isa = PBXGroup;
			children = (
				E42AB9A81A5684D50004E1E8 /* WTNetWork.h */,
				E42AB9A91A5684D50004E1E8 /* WTRequestCenter.h */,
				E42AB9AA1A5684D50004E1E8 /* WTRequestCenter.m */,
				E42AB9AB1A5684D50004E1E8 /* WTURLRequestOperation.h */,
				E42AB9AC1A5684D50004E1E8 /* WTURLRequestOperation.m */,
				E42AB9AD1A5684D50004E1E8 /* WTURLRequestSerialization.h */,
				E42AB9AE1A5684D50004E1E8 /* WTURLRequestSerialization.m */,
				E42AB9AF1A5684D50004E1E8 /* WTURLSessionManager.h */,
				E42AB9B01A5684D50004E1E8 /* WTURLSessionManager.m */,
			);
			path = WTRequestCenter;
			sourceTree = "<group>";
		};
		E42AB9C91A5695840004E1E8 /* Model */ = {
			isa = PBXGroup;
			children = (
				E4D3F1361A597CB200B3A0A1 /* NewsCenter.h */,
				E4D3F1371A597CB200B3A0A1 /* NewsCenter.m */,
			);
			name = Model;
			sourceTree = "<group>";
		};
		E4D3F1171A597C0400B3A0A1 /* Resource */ = {
			isa = PBXGroup;
			children = (
				E4D3F1391A597DF700B3A0A1 /* Data */,
				E4D3F1181A597C1000B3A0A1 /* Font */,
			);
			path = Resource;
			sourceTree = "<group>";
		};
		E4D3F1181A597C1000B3A0A1 /* Font */ = {
			isa = PBXGroup;
			children = (
				E4D3F1191A597C2300B3A0A1 /* DS-DIGI.TTF */,
				E4D3F11A1A597C2300B3A0A1 /* DS-DIGIB.TTF */,
				E4D3F11B1A597C2300B3A0A1 /* lijinheiW8.TTF */,
				E4D3F11C1A597C2300B3A0A1 /* StencilStd.ttf */,
			);
			path = Font;
			sourceTree = "<group>";
		};
		E4D3F1211A597C6A00B3A0A1 /* View and ViewControllers */ = {
			isa = PBXGroup;
			children = (
				E4D3F1221A597CA600B3A0A1 /* DBPictureVC.h */,
				E4D3F1231A597CA600B3A0A1 /* DBPictureVC.m */,
				1E4A424A1A5BAC12001577F5 /* NewsDetail */,
				1E4A42491A5BAB2C001577F5 /* NewsList */,
			);
			path = "View and ViewControllers";
			sourceTree = "<group>";
		};
		E4D3F1391A597DF700B3A0A1 /* Data */ = {
			isa = PBXGroup;
			children = (
				E4D3F13A1A597DF700B3A0A1 /* topic_news.json */,
			);
			path = Data;
			sourceTree = "<group>";
		};
/* End PBXGroup section */

/* Begin PBXNativeTarget section */
		E42AB9561A5680240004E1E8 /* AutolayoutDemo */ = {
			isa = PBXNativeTarget;
			buildConfigurationList = E42AB97D1A5680240004E1E8 /* Build configuration list for PBXNativeTarget "AutolayoutDemo" */;
			buildPhases = (
				E42AB9531A5680240004E1E8 /* Sources */,
				E42AB9541A5680240004E1E8 /* Frameworks */,
				E42AB9551A5680240004E1E8 /* Resources */,
			);
			buildRules = (
			);
			dependencies = (
			);
			name = AutolayoutDemo;
			productName = AutolayoutDemo;
			productReference = E42AB9571A5680240004E1E8 /* AutolayoutDemo.app */;
			productType = "com.apple.product-type.application";
		};
		E42AB9721A5680240004E1E8 /* AutolayoutDemoTests */ = {
			isa = PBXNativeTarget;
			buildConfigurationList = E42AB9801A5680240004E1E8 /* Build configuration list for PBXNativeTarget "AutolayoutDemoTests" */;
			buildPhases = (
				E42AB96F1A5680240004E1E8 /* Sources */,
				E42AB9701A5680240004E1E8 /* Frameworks */,
				E42AB9711A5680240004E1E8 /* Resources */,
			);
			buildRules = (
			);
			dependencies = (
				E42AB9751A5680240004E1E8 /* PBXTargetDependency */,
			);
			name = AutolayoutDemoTests;
			productName = AutolayoutDemoTests;
			productReference = E42AB9731A5680240004E1E8 /* AutolayoutDemoTests.xctest */;
			productType = "com.apple.product-type.bundle.unit-test";
		};
/* End PBXNativeTarget section */

/* Begin PBXProject section */
		E42AB94F1A5680240004E1E8 /* Project object */ = {
			isa = PBXProject;
			attributes = {
				LastUpgradeCheck = 0610;
				ORGANIZATIONNAME = song;
				TargetAttributes = {
					E42AB9561A5680240004E1E8 = {
						CreatedOnToolsVersion = 6.1.1;
						DevelopmentTeam = 7XPY3583N7;
					};
					E42AB9721A5680240004E1E8 = {
						CreatedOnToolsVersion = 6.1.1;
						TestTargetID = E42AB9561A5680240004E1E8;
					};
				};
			};
			buildConfigurationList = E42AB9521A5680240004E1E8 /* Build configuration list for PBXProject "AutolayoutDemo" */;
			compatibilityVersion = "Xcode 3.2";
			developmentRegion = English;
			hasScannedForEncodings = 0;
			knownRegions = (
				en,
				Base,
			);
			mainGroup = E42AB94E1A5680240004E1E8;
			productRefGroup = E42AB9581A5680240004E1E8 /* Products */;
			projectDirPath = "";
			projectRoot = "";
			targets = (
				E42AB9561A5680240004E1E8 /* AutolayoutDemo */,
				E42AB9721A5680240004E1E8 /* AutolayoutDemoTests */,
			);
		};
/* End PBXProject section */

/* Begin PBXResourcesBuildPhase section */
		E42AB9551A5680240004E1E8 /* Resources */ = {
			isa = PBXResourcesBuildPhase;
			buildActionMask = 2147483647;
			files = (
				E42AB9691A5680240004E1E8 /* Main.storyboard in Resources */,
				E4D3F11E1A597C2300B3A0A1 /* DS-DIGIB.TTF in Resources */,
				E42AB96E1A5680240004E1E8 /* LaunchScreen.xib in Resources */,
				E4D3F13B1A597DF700B3A0A1 /* topic_news.json in Resources */,
				E42AB96B1A5680240004E1E8 /* Images.xcassets in Resources */,
				E4D3F11F1A597C2300B3A0A1 /* lijinheiW8.TTF in Resources */,
				E4D3F11D1A597C2300B3A0A1 /* DS-DIGI.TTF in Resources */,
				E4D3F1341A597CA600B3A0A1 /* NewsTableViewCell.xib in Resources */,
				E4D3F1201A597C2300B3A0A1 /* StencilStd.ttf in Resources */,
			);
			runOnlyForDeploymentPostprocessing = 0;
		};
		E42AB9711A5680240004E1E8 /* Resources */ = {
			isa = PBXResourcesBuildPhase;
			buildActionMask = 2147483647;
			files = (
			);
			runOnlyForDeploymentPostprocessing = 0;
		};
/* End PBXResourcesBuildPhase section */

/* Begin PBXSourcesBuildPhase section */
		E42AB9531A5680240004E1E8 /* Sources */ = {
			isa = PBXSourcesBuildPhase;
			buildActionMask = 2147483647;
			files = (
				E42AB9BC1A5684D50004E1E8 /* WTNetworkActivityIndicatorManager.m in Sources */,
				E42AB9BE1A5684D50004E1E8 /* WTURLRequestOperation.m in Sources */,
				E4D3F1321A597CA600B3A0A1 /* NewsTableView.m in Sources */,
				E42AB9B71A5684D50004E1E8 /* UIImageView+WTRequestCenter.m in Sources */,
				E42AB9B91A5684D50004E1E8 /* UIWebView+WTRequestCenter.m in Sources */,
				E42AB9661A5680240004E1E8 /* SecondViewController.m in Sources */,
				E42AB9BA1A5684D50004E1E8 /* WTDataSaver.m in Sources */,
				E42AB9B81A5684D50004E1E8 /* UIScreen+WTRequestCenter.m in Sources */,
				E42AB9601A5680240004E1E8 /* AppDelegate.m in Sources */,
				E4D3F1351A597CA600B3A0A1 /* NewsTitleCell.m in Sources */,
				E42AB9631A5680240004E1E8 /* FirstViewController.m in Sources */,
				E4D3F12F1A597CA600B3A0A1 /* DBPictureVC.m in Sources */,
				E42AB9C01A5684D50004E1E8 /* WTURLSessionManager.m in Sources */,
				E42AB95D1A5680240004E1E8 /* main.m in Sources */,
				E42AB9B51A5684D50004E1E8 /* UIDevice+WTRequestCenter.m in Sources */,
				E4D3F1331A597CA600B3A0A1 /* NewsTableViewCell.m in Sources */,
				E42AB9BD1A5684D50004E1E8 /* WTRequestCenter.m in Sources */,
				E42AB9BB1A5684D50004E1E8 /* WTImageViewer.m in Sources */,
				E42AB9B41A5684D50004E1E8 /* UIColor+WTRequestCenter.m in Sources */,
				E4D3F1381A597CB200B3A0A1 /* NewsCenter.m in Sources */,
				E1CAE6FD1A59411F00784DFD /* UICKeyChainStore.m in Sources */,
				E1CAE6F91A593BE000784DFD /* GBVersionTracking.m in Sources */,
				E42AB9B21A5684D50004E1E8 /* UIApplication+WTRequestCenter.m in Sources */,
				E42AB9B61A5684D50004E1E8 /* UIImage+WTRequestCenter.m in Sources */,
				E42AB9B11A5684D50004E1E8 /* UIAlertView+WTRequestCenter.m in Sources */,
				E4D3F1311A597CA600B3A0A1 /* NewsDetailViewController.m in Sources */,
				E42AB9B31A5684D50004E1E8 /* UIButton+WTRequestCenter.m in Sources */,
				E42AB9BF1A5684D50004E1E8 /* WTURLRequestSerialization.m in Sources */,
			);
			runOnlyForDeploymentPostprocessing = 0;
		};
		E42AB96F1A5680240004E1E8 /* Sources */ = {
			isa = PBXSourcesBuildPhase;
			buildActionMask = 2147483647;
			files = (
				E42AB97A1A5680240004E1E8 /* AutolayoutDemoTests.m in Sources */,
			);
			runOnlyForDeploymentPostprocessing = 0;
		};
/* End PBXSourcesBuildPhase section */

/* Begin PBXTargetDependency section */
		E42AB9751A5680240004E1E8 /* PBXTargetDependency */ = {
			isa = PBXTargetDependency;
			target = E42AB9561A5680240004E1E8 /* AutolayoutDemo */;
			targetProxy = E42AB9741A5680240004E1E8 /* PBXContainerItemProxy */;
		};
/* End PBXTargetDependency section */

/* Begin PBXVariantGroup section */
		E42AB9671A5680240004E1E8 /* Main.storyboard */ = {
			isa = PBXVariantGroup;
			children = (
				E42AB9681A5680240004E1E8 /* Base */,
			);
			name = Main.storyboard;
			sourceTree = "<group>";
		};
		E42AB96C1A5680240004E1E8 /* LaunchScreen.xib */ = {
			isa = PBXVariantGroup;
			children = (
				E42AB96D1A5680240004E1E8 /* Base */,
			);
			name = LaunchScreen.xib;
			sourceTree = "<group>";
		};
/* End PBXVariantGroup section */

/* Begin XCBuildConfiguration section */
		E42AB97B1A5680240004E1E8 /* Debug */ = {
			isa = XCBuildConfiguration;
			buildSettings = {
				ALWAYS_SEARCH_USER_PATHS = NO;
				CLANG_CXX_LANGUAGE_STANDARD = "gnu++0x";
				CLANG_CXX_LIBRARY = "libc++";
				CLANG_ENABLE_MODULES = YES;
				CLANG_ENABLE_OBJC_ARC = YES;
				CLANG_WARN_BOOL_CONVERSION = YES;
				CLANG_WARN_CONSTANT_CONVERSION = YES;
				CLANG_WARN_DIRECT_OBJC_ISA_USAGE = YES_ERROR;
				CLANG_WARN_EMPTY_BODY = YES;
				CLANG_WARN_ENUM_CONVERSION = YES;
				CLANG_WARN_INT_CONVERSION = YES;
				CLANG_WARN_OBJC_ROOT_CLASS = YES_ERROR;
				CLANG_WARN_UNREACHABLE_CODE = YES;
				CLANG_WARN__DUPLICATE_METHOD_MATCH = YES;
				"CODE_SIGN_IDENTITY[sdk=iphoneos*]" = "iPhone Developer";
				COPY_PHASE_STRIP = NO;
				ENABLE_STRICT_OBJC_MSGSEND = YES;
				GCC_C_LANGUAGE_STANDARD = gnu99;
				GCC_DYNAMIC_NO_PIC = NO;
				GCC_OPTIMIZATION_LEVEL = 0;
				GCC_PREPROCESSOR_DEFINITIONS = (
					"DEBUG=1",
					"$(inherited)",
				);
				GCC_SYMBOLS_PRIVATE_EXTERN = NO;
				GCC_WARN_64_TO_32_BIT_CONVERSION = YES;
				GCC_WARN_ABOUT_RETURN_TYPE = YES_ERROR;
				GCC_WARN_UNDECLARED_SELECTOR = YES;
				GCC_WARN_UNINITIALIZED_AUTOS = YES_AGGRESSIVE;
				GCC_WARN_UNUSED_FUNCTION = YES;
				GCC_WARN_UNUSED_VARIABLE = YES;
				IPHONEOS_DEPLOYMENT_TARGET = 7.0;
				MTL_ENABLE_DEBUG_INFO = YES;
				ONLY_ACTIVE_ARCH = YES;
				SDKROOT = iphoneos;
			};
			name = Debug;
		};
		E42AB97C1A5680240004E1E8 /* Release */ = {
			isa = XCBuildConfiguration;
			buildSettings = {
				ALWAYS_SEARCH_USER_PATHS = NO;
				CLANG_CXX_LANGUAGE_STANDARD = "gnu++0x";
				CLANG_CXX_LIBRARY = "libc++";
				CLANG_ENABLE_MODULES = YES;
				CLANG_ENABLE_OBJC_ARC = YES;
				CLANG_WARN_BOOL_CONVERSION = YES;
				CLANG_WARN_CONSTANT_CONVERSION = YES;
				CLANG_WARN_DIRECT_OBJC_ISA_USAGE = YES_ERROR;
				CLANG_WARN_EMPTY_BODY = YES;
				CLANG_WARN_ENUM_CONVERSION = YES;
				CLANG_WARN_INT_CONVERSION = YES;
				CLANG_WARN_OBJC_ROOT_CLASS = YES_ERROR;
				CLANG_WARN_UNREACHABLE_CODE = YES;
				CLANG_WARN__DUPLICATE_METHOD_MATCH = YES;
				"CODE_SIGN_IDENTITY[sdk=iphoneos*]" = "iPhone Developer";
				COPY_PHASE_STRIP = YES;
				ENABLE_NS_ASSERTIONS = NO;
				ENABLE_STRICT_OBJC_MSGSEND = YES;
				GCC_C_LANGUAGE_STANDARD = gnu99;
				GCC_WARN_64_TO_32_BIT_CONVERSION = YES;
				GCC_WARN_ABOUT_RETURN_TYPE = YES_ERROR;
				GCC_WARN_UNDECLARED_SELECTOR = YES;
				GCC_WARN_UNINITIALIZED_AUTOS = YES_AGGRESSIVE;
				GCC_WARN_UNUSED_FUNCTION = YES;
				GCC_WARN_UNUSED_VARIABLE = YES;
				IPHONEOS_DEPLOYMENT_TARGET = 7.0;
				MTL_ENABLE_DEBUG_INFO = NO;
				SDKROOT = iphoneos;
				VALIDATE_PRODUCT = YES;
			};
			name = Release;
		};
		E42AB97E1A5680240004E1E8 /* Debug */ = {
			isa = XCBuildConfiguration;
			buildSettings = {
				ASSETCATALOG_COMPILER_APPICON_NAME = AppIcon;
				ASSETCATALOG_COMPILER_LAUNCHIMAGE_NAME = LaunchImage;
				CODE_SIGN_IDENTITY = "iPhone Developer";
				"CODE_SIGN_IDENTITY[sdk=iphoneos*]" = "iPhone Developer";
				INFOPLIST_FILE = AutolayoutDemo/Info.plist;
				IPHONEOS_DEPLOYMENT_TARGET = 6.0;
				LD_RUNPATH_SEARCH_PATHS = "$(inherited) @executable_path/Frameworks";
				PRODUCT_NAME = "$(TARGET_NAME)";
				PROVISIONING_PROFILE = "";
			};
			name = Debug;
		};
		E42AB97F1A5680240004E1E8 /* Release */ = {
			isa = XCBuildConfiguration;
			buildSettings = {
				ASSETCATALOG_COMPILER_APPICON_NAME = AppIcon;
				ASSETCATALOG_COMPILER_LAUNCHIMAGE_NAME = LaunchImage;
				CODE_SIGN_IDENTITY = "iPhone Developer";
				"CODE_SIGN_IDENTITY[sdk=iphoneos*]" = "iPhone Developer";
				INFOPLIST_FILE = AutolayoutDemo/Info.plist;
				IPHONEOS_DEPLOYMENT_TARGET = 6.0;
				LD_RUNPATH_SEARCH_PATHS = "$(inherited) @executable_path/Frameworks";
				PRODUCT_NAME = "$(TARGET_NAME)";
				PROVISIONING_PROFILE = "";
			};
			name = Release;
		};
		E42AB9811A5680240004E1E8 /* Debug */ = {
			isa = XCBuildConfiguration;
			buildSettings = {
				BUNDLE_LOADER = "$(TEST_HOST)";
				FRAMEWORK_SEARCH_PATHS = (
					"$(SDKROOT)/Developer/Library/Frameworks",
					"$(inherited)",
				);
				GCC_PREPROCESSOR_DEFINITIONS = (
					"DEBUG=1",
					"$(inherited)",
				);
				INFOPLIST_FILE = AutolayoutDemoTests/Info.plist;
				LD_RUNPATH_SEARCH_PATHS = "$(inherited) @executable_path/Frameworks @loader_path/Frameworks";
				PRODUCT_NAME = "$(TARGET_NAME)";
				TEST_HOST = "$(BUILT_PRODUCTS_DIR)/AutolayoutDemo.app/AutolayoutDemo";
			};
			name = Debug;
		};
		E42AB9821A5680240004E1E8 /* Release */ = {
			isa = XCBuildConfiguration;
			buildSettings = {
				BUNDLE_LOADER = "$(TEST_HOST)";
				FRAMEWORK_SEARCH_PATHS = (
					"$(SDKROOT)/Developer/Library/Frameworks",
					"$(inherited)",
				);
				INFOPLIST_FILE = AutolayoutDemoTests/Info.plist;
				LD_RUNPATH_SEARCH_PATHS = "$(inherited) @executable_path/Frameworks @loader_path/Frameworks";
				PRODUCT_NAME = "$(TARGET_NAME)";
				TEST_HOST = "$(BUILT_PRODUCTS_DIR)/AutolayoutDemo.app/AutolayoutDemo";
			};
			name = Release;
		};
/* End XCBuildConfiguration section */

/* Begin XCConfigurationList section */
		E42AB9521A5680240004E1E8 /* Build configuration list for PBXProject "AutolayoutDemo" */ = {
			isa = XCConfigurationList;
			buildConfigurations = (
				E42AB97B1A5680240004E1E8 /* Debug */,
				E42AB97C1A5680240004E1E8 /* Release */,
			);
			defaultConfigurationIsVisible = 0;
			defaultConfigurationName = Release;
		};
		E42AB97D1A5680240004E1E8 /* Build configuration list for PBXNativeTarget "AutolayoutDemo" */ = {
			isa = XCConfigurationList;
			buildConfigurations = (
				E42AB97E1A5680240004E1E8 /* Debug */,
				E42AB97F1A5680240004E1E8 /* Release */,
			);
			defaultConfigurationIsVisible = 0;
			defaultConfigurationName = Release;
		};
		E42AB9801A5680240004E1E8 /* Build configuration list for PBXNativeTarget "AutolayoutDemoTests" */ = {
			isa = XCConfigurationList;
			buildConfigurations = (
				E42AB9811A5680240004E1E8 /* Debug */,
				E42AB9821A5680240004E1E8 /* Release */,
			);
			defaultConfigurationIsVisible = 0;
			defaultConfigurationName = Release;
		};
/* End XCConfigurationList section */
	};
	rootObject = E42AB94F1A5680240004E1E8 /* Project object */;
}
